{
    "version": 3,
    "terraform_version": "0.9.11",
    "serial": 0,
    "lineage": "72f20fb1-9775-44bd-9293-224ce3fa4fce",
    "modules": [
        {
            "path": [
                "root"
            ],
            "outputs": {},
            "resources": {
                "aws_instance.example": {
                    "type": "aws_instance",
                    "depends_on": [],
                    "primary": {
                        "id": "i-0d56e0ace33c8c538",
                        "attributes": {
                            "ami": "ami-a4c7edb2",
                            "associate_public_ip_address": "true",
                            "availability_zone": "us-east-1b",
                            "disable_api_termination": "false",
                            "ebs_block_device.#": "0",
                            "ebs_optimized": "false",
                            "ephemeral_block_device.#": "0",
                            "iam_instance_profile": "EC2Access",
                            "id": "i-0d56e0ace33c8c538",
                            "instance_state": "running",
                            "instance_type": "t2.micro",
                            "ipv6_addresses.#": "0",
                            "key_name": "HelloWorld",
                            "monitoring": "false",
                            "network_interface.#": "0",
                            "network_interface_id": "eni-72965fa1",
                            "primary_network_interface_id": "eni-72965fa1",
                            "private_dns": "ip-172-31-15-121.ec2.internal",
                            "private_ip": "172.31.15.121",
                            "public_dns": "ec2-34-229-205-38.compute-1.amazonaws.com",
                            "public_ip": "34.229.205.38",
                            "root_block_device.#": "1",
                            "root_block_device.0.delete_on_termination": "true",
                            "root_block_device.0.iops": "100",
                            "root_block_device.0.volume_size": "8",
                            "root_block_device.0.volume_type": "gp2",
                            "security_groups.#": "0",
                            "source_dest_check": "true",
                            "subnet_id": "subnet-7470dd3d",
                            "tags.%": "1",
                            "tags.Name": "Alex's Weak EC2",
                            "tenancy": "default",
                            "user_data": "fe890b929b1fe593f07b43d542421aa4c8b060f5",
                            "volume_tags.%": "0",
                            "vpc_security_group_ids.#": "1",
                            "vpc_security_group_ids.1687851699": "sg-41189330"
                        },
                        "meta": {
                            "e2bfb730-ecaa-11e6-8f88-34363bc7c4c0": {
                                "create": 600000000000,
                                "delete": 600000000000,
                                "update": 600000000000
                            },
                            "schema_version": "1"
                        },
                        "tainted": false
                    },
                    "deposed": [],
                    "provider": ""
                }
            },
            "depends_on": []
        }
    ]
}
